<?xml version="1.0" encoding="utf-8"?>
<Project ToolsVersion="4.0" xmlns="http://schemas.microsoft.com/developer/msbuild/2003">
  <ItemGroup>
    <Filter Include="Source Files">
      <UniqueIdentifier>{4FC737F1-C7A5-4376-A066-2A32D752A2FF}</UniqueIdentifier>
      <Extensions>cpp;c;cc;cxx;c++;cppm;ixx;def;odl;idl;hpj;bat;asm;asmx</Extensions>
    </Filter>
    <Filter Include="Header Files">
      <UniqueIdentifier>{93995380-89BD-4b04-88EB-625FBE52EBFB}</UniqueIdentifier>
      <Extensions>h;hh;hpp;hxx;h++;hm;inl;inc;ipp;xsd</Extensions>
    </Filter>
    <Filter Include="Resource Files">
      <UniqueIdentifier>{67DA6AB6-F800-4c08-8B7A-83BB121AAD01}</UniqueIdentifier>
      <Extensions>rc;ico;cur;bmp;dlg;rc2;rct;bin;rgs;gif;jpg;jpeg;jpe;resx;tiff;tif;png;wav;mfcribbon-ms</Extensions>
    </Filter>
    <Filter Include="imgui">
      <UniqueIdentifier>{5fc0097d-07f3-46bb-83a9-9ed83e19f653}</UniqueIdentifier>
    </Filter>
    <Filter Include="Header Files\OpenGLObjects">
      <UniqueIdentifier>{6facca83-8c15-4951-8af3-3cf8cef956f1}</UniqueIdentifier>
    </Filter>
    <Filter Include="Header Files\View">
      <UniqueIdentifier>{0129485d-eb1a-44a5-a5c4-789d5fad8c11}</UniqueIdentifier>
    </Filter>
    <Filter Include="Header Files\Model">
      <UniqueIdentifier>{303efccb-d57d-4f7d-a2b4-7528a9ef79de}</UniqueIdentifier>
    </Filter>
    <Filter Include="Header Files\Controler">
      <UniqueIdentifier>{c17091e4-a585-43e9-a12a-8ef1c703bc11}</UniqueIdentifier>
    </Filter>
    <Filter Include="Header Files\Math">
      <UniqueIdentifier>{800123b2-977b-4192-aef3-4f19d9de33af}</UniqueIdentifier>
    </Filter>
    <Filter Include="Header Files\Global">
      <UniqueIdentifier>{f38e9b6b-1656-4c4d-a64f-ad003066f24e}</UniqueIdentifier>
    </Filter>
    <Filter Include="Resource Files\Shaders">
      <UniqueIdentifier>{b22aa6ec-b509-4a83-8ca5-64d5b6cc1e92}</UniqueIdentifier>
    </Filter>
    <Filter Include="Resource Files\Textures">
      <UniqueIdentifier>{377f86fe-fd64-4ec7-ad05-8590af93241f}</UniqueIdentifier>
    </Filter>
    <Filter Include="Resource Files\Geometry">
      <UniqueIdentifier>{28c9e2cc-320f-497a-b4d8-3c3310c65b97}</UniqueIdentifier>
    </Filter>
    <Filter Include="Header Files\OpenALObjects">
      <UniqueIdentifier>{b8022d03-d4fe-4f5b-8cd9-0a9305e3a83e}</UniqueIdentifier>
    </Filter>
    <Filter Include="Header Files\Model\Collision">
      <UniqueIdentifier>{abbda47a-d2d7-47fd-ae16-c97a0c3d86e0}</UniqueIdentifier>
    </Filter>
    <Filter Include="Header Files\Model\Factories">
      <UniqueIdentifier>{f3d9861e-58b5-4922-b52a-14a7a73a7193}</UniqueIdentifier>
    </Filter>
    <Filter Include="Header Files\Model\UserControls">
      <UniqueIdentifier>{8d84df0f-8d14-4c96-a678-1f97e8f05aba}</UniqueIdentifier>
    </Filter>
    <Filter Include="Header Files\Model\Lighting">
      <UniqueIdentifier>{0f6ba421-ec2c-4c51-9c3e-fccf30ce7c43}</UniqueIdentifier>
    </Filter>
    <Filter Include="Header Files\Model\Animations">
      <UniqueIdentifier>{37fabc3f-7254-41d9-afdf-8382bc164645}</UniqueIdentifier>
    </Filter>
    <Filter Include="Header Files\View\Text">
      <UniqueIdentifier>{c0ecc28f-5d13-4569-b3fa-cde09786736d}</UniqueIdentifier>
    </Filter>
    <Filter Include="Header Files\volumetric">
      <UniqueIdentifier>{e34f44c3-a9a5-40b6-9cc0-57ac28052bce}</UniqueIdentifier>
    </Filter>
    <Filter Include="Header Files\fallingSand">
      <UniqueIdentifier>{f658a671-17ea-4da2-97c0-3c1a51a5c3bf}</UniqueIdentifier>
    </Filter>
    <Filter Include="Resource Files\Scenes">
      <UniqueIdentifier>{e19ec4f1-d8af-47fc-bf97-c6ccc6e6887e}</UniqueIdentifier>
    </Filter>
  </ItemGroup>
  <ItemGroup>
    <ClCompile Include="Animation.cpp">
      <Filter>Source Files</Filter>
    </ClCompile>
    <ClCompile Include="AssetFolderPathManager.cpp">
      <Filter>Source Files</Filter>
    </ClCompile>
    <ClCompile Include="Callbacks.cpp">
      <Filter>Source Files</Filter>
    </ClCompile>
    <ClCompile Include="Camera.cpp">
      <Filter>Source Files</Filter>
    </ClCompile>
    <ClCompile Include="ControlAction.cpp">
      <Filter>Source Files</Filter>
    </ClCompile>
    <ClCompile Include="ControlActionManager.cpp">
      <Filter>Source Files</Filter>
    </ClCompile>
    <ClCompile Include="DualNumber.cpp">
      <Filter>Source Files</Filter>
    </ClCompile>
    <ClCompile Include="EBO.cpp">
      <Filter>Source Files</Filter>
    </ClCompile>
    <ClCompile Include="FBO.cpp">
      <Filter>Source Files</Filter>
    </ClCompile>
    <ClCompile Include="glad.c">
      <Filter>Source Files</Filter>
    </ClCompile>
    <ClCompile Include="GlobalVariables.cpp">
      <Filter>Source Files</Filter>
    </ClCompile>
    <ClCompile Include="GUI.cpp">
      <Filter>Source Files</Filter>
    </ClCompile>
    <ClCompile Include="Application.cpp">
      <Filter>Source Files</Filter>
    </ClCompile>
    <ClCompile Include="Mesh.cpp">
      <Filter>Source Files</Filter>
    </ClCompile>
    <ClCompile Include="Plane.cpp">
      <Filter>Source Files</Filter>
    </ClCompile>
    <ClCompile Include="RBO.cpp">
      <Filter>Source Files</Filter>
    </ClCompile>
    <ClCompile Include="Scene.cpp">
      <Filter>Source Files</Filter>
    </ClCompile>
    <ClCompile Include="SceneObject.cpp">
      <Filter>Source Files</Filter>
    </ClCompile>
    <ClCompile Include="ShaderProgram.cpp">
      <Filter>Source Files</Filter>
    </ClCompile>
    <ClCompile Include="MemoryManager.cpp">
      <Filter>Source Files</Filter>
    </ClCompile>
    <ClCompile Include="stb.cpp">
      <Filter>Source Files</Filter>
    </ClCompile>
    <ClCompile Include="Texture1D.cpp">
      <Filter>Source Files</Filter>
    </ClCompile>
    <ClCompile Include="Texture2D.cpp">
      <Filter>Source Files</Filter>
    </ClCompile>
    <ClCompile Include="Texture3D.cpp">
      <Filter>Source Files</Filter>
    </ClCompile>
    <ClCompile Include="TextureCube.cpp">
      <Filter>Source Files</Filter>
    </ClCompile>
    <ClCompile Include="VAO.cpp">
      <Filter>Source Files</Filter>
    </ClCompile>
    <ClCompile Include="VBO.cpp">
      <Filter>Source Files</Filter>
    </ClCompile>
    <ClCompile Include="imgui\imgui.cpp">
      <Filter>imgui</Filter>
    </ClCompile>
    <ClCompile Include="imgui\imgui_demo.cpp">
      <Filter>imgui</Filter>
    </ClCompile>
    <ClCompile Include="imgui\imgui_draw.cpp">
      <Filter>imgui</Filter>
    </ClCompile>
    <ClCompile Include="imgui\imgui_impl_glfw.cpp">
      <Filter>imgui</Filter>
    </ClCompile>
    <ClCompile Include="imgui\imgui_impl_opengl3.cpp">
      <Filter>imgui</Filter>
    </ClCompile>
    <ClCompile Include="imgui\imgui_tables.cpp">
      <Filter>imgui</Filter>
    </ClCompile>
    <ClCompile Include="imgui\imgui_widgets.cpp">
      <Filter>imgui</Filter>
    </ClCompile>
    <ClCompile Include="Geometry.cpp">
      <Filter>Source Files</Filter>
    </ClCompile>
    <ClCompile Include="Material.cpp">
      <Filter>Source Files</Filter>
    </ClCompile>
    <ClCompile Include="Texture.cpp">
      <Filter>Source Files</Filter>
    </ClCompile>
    <ClCompile Include="PointLight.cpp">
      <Filter>Source Files</Filter>
    </ClCompile>
    <ClCompile Include="PostProcessStage.cpp">
      <Filter>Source Files</Filter>
    </ClCompile>
    <ClCompile Include="AudioSource.cpp">
      <Filter>Source Files</Filter>
    </ClCompile>
    <ClCompile Include="AudioListener.cpp">
      <Filter>Source Files</Filter>
    </ClCompile>
    <ClCompile Include="Component.cpp">
      <Filter>Source Files</Filter>
    </ClCompile>
    <ClCompile Include="Physics.cpp">
      <Filter>Source Files</Filter>
    </ClCompile>
    <ClCompile Include="Collider.cpp">
      <Filter>Source Files</Filter>
    </ClCompile>
    <ClCompile Include="Ray.cpp">
      <Filter>Source Files</Filter>
    </ClCompile>
    <ClCompile Include="SphericalCollider.cpp">
      <Filter>Source Files</Filter>
    </ClCompile>
    <ClCompile Include="CuboidCollider.cpp">
      <Filter>Source Files</Filter>
    </ClCompile>
    <ClCompile Include="AABBCollider.cpp">
      <Filter>Source Files</Filter>
    </ClCompile>
    <ClCompile Include="CollisionEventListener.cpp">
      <Filter>Source Files</Filter>
    </ClCompile>
    <ClCompile Include="SceneEventManager.cpp">
      <Filter>Source Files</Filter>
    </ClCompile>
    <ClCompile Include="SceneEvent.cpp">
      <Filter>Source Files</Filter>
    </ClCompile>
    <ClCompile Include="SceneEventImplementation.cpp">
      <Filter>Source Files</Filter>
    </ClCompile>
    <ClCompile Include="ForceField.cpp">
      <Filter>Source Files</Filter>
    </ClCompile>
    <ClCompile Include="CompositeCollider.cpp">
      <Filter>Source Files</Filter>
    </ClCompile>
    <ClCompile Include="HoGraEngineApplication.cpp">
      <Filter>Source Files</Filter>
    </ClCompile>
    <ClCompile Include="DirectionalShadowCaster.cpp">
      <Filter>Source Files</Filter>
    </ClCompile>
    <ClCompile Include="PositionProvider.cpp">
      <Filter>Source Files</Filter>
    </ClCompile>
    <ClCompile Include="OrientationProvider.cpp">
      <Filter>Source Files</Filter>
    </ClCompile>
    <ClCompile Include="UserControl.cpp">
      <Filter>Source Files</Filter>
    </ClCompile>
    <ClCompile Include="FirstPersonControl.cpp">
      <Filter>Source Files</Filter>
    </ClCompile>
    <ClCompile Include="GeometryLoader.cpp">
      <Filter>Source Files</Filter>
    </ClCompile>
    <ClCompile Include="GeometryFactory.cpp">
      <Filter>Source Files</Filter>
    </ClCompile>
    <ClCompile Include="CameraAnimation.cpp">
      <Filter>Source Files</Filter>
    </ClCompile>
    <ClCompile Include="MaterialFactory.cpp">
      <Filter>Source Files</Filter>
    </ClCompile>
    <ClCompile Include="UniformBuffer.cpp">
      <Filter>Source Files</Filter>
    </ClCompile>
    <ClCompile Include="LightManager.cpp">
      <Filter>Source Files</Filter>
    </ClCompile>
    <ClCompile Include="ShaderProgramFactory.cpp">
      <Filter>Source Files</Filter>
    </ClCompile>
    <ClCompile Include="InstanceGroup.cpp">
      <Filter>Source Files</Filter>
    </ClCompile>
    <ClCompile Include="ColliderGroup.cpp">
      <Filter>Source Files</Filter>
    </ClCompile>
    <ClCompile Include="CollisionManager.cpp">
      <Filter>Source Files</Filter>
    </ClCompile>
    <ClCompile Include="DeferredLightingSystem.cpp">
      <Filter>Source Files</Filter>
    </ClCompile>
    <ClCompile Include="ScaleProvider.cpp">
      <Filter>Source Files</Filter>
    </ClCompile>
    <ClCompile Include="SceneFactory.cpp">
      <Filter>Source Files</Filter>
    </ClCompile>
    <ClCompile Include="SceneManager.cpp">
      <Filter>Source Files</Filter>
    </ClCompile>
    <ClCompile Include="Font.cpp">
      <Filter>Source Files</Filter>
    </ClCompile>
    <ClCompile Include="Caption.cpp">
      <Filter>Source Files</Filter>
    </ClCompile>
    <ClCompile Include="Bloom.cpp">
      <Filter>Source Files</Filter>
    </ClCompile>
    <ClCompile Include="SceneChange.cpp">
      <Filter>Source Files</Filter>
    </ClCompile>
    <ClCompile Include="AudioBuffer.cpp">
      <Filter>Source Files</Filter>
    </ClCompile>
    <ClCompile Include="AudioDevice.cpp">
      <Filter>Source Files</Filter>
    </ClCompile>
    <ClCompile Include="AudioUtils.cpp">
      <Filter>Source Files</Filter>
    </ClCompile>
    <ClCompile Include="AudioContext.cpp">
      <Filter>Source Files</Filter>
    </ClCompile>
    <ClCompile Include="SceneAudioSource.cpp">
      <Filter>Source Files</Filter>
    </ClCompile>
    <ClCompile Include="AudioManager.cpp">
      <Filter>Source Files</Filter>
    </ClCompile>
    <ClCompile Include="UniformVariable.cpp">
      <Filter>Source Files</Filter>
    </ClCompile>
    <ClCompile Include="ObserveObjectControl.cpp">
      <Filter>Source Files</Filter>
    </ClCompile>
    <ClCompile Include="SceneObjectFactory.cpp">
      <Filter>Source Files</Filter>
    </ClCompile>
    <ClCompile Include="volumetric\TransferFunction.cpp">
      <Filter>Source Files</Filter>
    </ClCompile>
    <ClCompile Include="volumetric\VolumeObject.cpp">
      <Filter>Source Files</Filter>
    </ClCompile>
    <ClCompile Include="ScriptObject.cpp">
      <Filter>Source Files</Filter>
    </ClCompile>
    <ClCompile Include="HograTime.cpp">
      <Filter>Source Files</Filter>
    </ClCompile>
    <ClCompile Include="RenderLayer.cpp">
      <Filter>Source Files</Filter>
    </ClCompile>
    <ClCompile Include="Renderer.cpp">
      <Filter>Header Files\Model</Filter>
    </ClCompile>
    <ClCompile Include="volumetric\BoundingGeometry.cpp">
      <Filter>Source Files</Filter>
    </ClCompile>
    <ClCompile Include="fallingSand\chunk.cpp">
      <Filter>Source Files</Filter>
    </ClCompile>
    <ClCompile Include="fallingSand\gas.cpp">
      <Filter>Source Files</Filter>
    </ClCompile>
    <ClCompile Include="fallingSand\liquid.cpp">
      <Filter>Source Files</Filter>
    </ClCompile>
    <ClCompile Include="fallingSand\particle.cpp">
      <Filter>Source Files</Filter>
    </ClCompile>
    <ClCompile Include="fallingSand\sand.cpp">
      <Filter>Source Files</Filter>
    </ClCompile>
    <ClCompile Include="fallingSand\solid.cpp">
      <Filter>Source Files</Filter>
    </ClCompile>
    <ClCompile Include="fallingSand\stone.cpp">
      <Filter>Source Files</Filter>
    </ClCompile>
    <ClCompile Include="fallingSand\water.cpp">
      <Filter>Source Files</Filter>
    </ClCompile>
    <ClCompile Include="fallingSand\smoke.cpp">
      <Filter>Source Files</Filter>
    </ClCompile>
    <ClCompile Include="fallingSand\steam.cpp">
      <Filter>Source Files</Filter>
    </ClCompile>
    <ClCompile Include="fallingSand\lava.cpp">
      <Filter>Source Files</Filter>
    </ClCompile>
    <ClCompile Include="fallingSand\ice.cpp">
      <Filter>Header Files\fallingSand</Filter>
    </ClCompile>
    <ClCompile Include="Identifiable.cpp">
      <Filter>Source Files</Filter>
    </ClCompile>
    <ClCompile Include="DebugUtils.cpp">
      <Filter>Source Files</Filter>
    </ClCompile>
    <ClCompile Include="ScriptProvider.cpp">
      <Filter>Source Files</Filter>
    </ClCompile>
    <ClCompile Include="ShadowCaster.cpp">
      <Filter>Source Files</Filter>
    </ClCompile>
    <ClCompile Include="OmniDirectionalShadowCaster.cpp">
      <Filter>Source Files</Filter>
    </ClCompile>
    <ClCompile Include="DirectionalLight.cpp">
      <Filter>Source Files</Filter>
    </ClCompile>
  </ItemGroup>
  <ItemGroup>
    <ClInclude Include="imgui\imconfig.h">
      <Filter>imgui</Filter>
    </ClInclude>
    <ClInclude Include="imgui\imgui.h">
      <Filter>imgui</Filter>
    </ClInclude>
    <ClInclude Include="imgui\imgui_impl_glfw.h">
      <Filter>imgui</Filter>
    </ClInclude>
    <ClInclude Include="imgui\imgui_impl_opengl3.h">
      <Filter>imgui</Filter>
    </ClInclude>
    <ClInclude Include="imgui\imgui_impl_opengl3_loader.h">
      <Filter>imgui</Filter>
    </ClInclude>
    <ClInclude Include="imgui\imgui_internal.h">
      <Filter>imgui</Filter>
    </ClInclude>
    <ClInclude Include="imgui\imstb_rectpack.h">
      <Filter>imgui</Filter>
    </ClInclude>
    <ClInclude Include="imgui\imstb_textedit.h">
      <Filter>imgui</Filter>
    </ClInclude>
    <ClInclude Include="imgui\imstb_truetype.h">
      <Filter>imgui</Filter>
    </ClInclude>
    <ClInclude Include="EBO.h">
      <Filter>Header Files\OpenGLObjects</Filter>
    </ClInclude>
    <ClInclude Include="FBO.h">
      <Filter>Header Files\OpenGLObjects</Filter>
    </ClInclude>
    <ClInclude Include="RBO.h">
      <Filter>Header Files\OpenGLObjects</Filter>
    </ClInclude>
    <ClInclude Include="VBO.h">
      <Filter>Header Files\OpenGLObjects</Filter>
    </ClInclude>
    <ClInclude Include="VAO.h">
      <Filter>Header Files\OpenGLObjects</Filter>
    </ClInclude>
    <ClInclude Include="Texture1D.h">
      <Filter>Header Files\OpenGLObjects</Filter>
    </ClInclude>
    <ClInclude Include="Texture2D.h">
      <Filter>Header Files\OpenGLObjects</Filter>
    </ClInclude>
    <ClInclude Include="Texture3D.h">
      <Filter>Header Files\OpenGLObjects</Filter>
    </ClInclude>
    <ClInclude Include="TextureCube.h">
      <Filter>Header Files\OpenGLObjects</Filter>
    </ClInclude>
    <ClInclude Include="Scene.h">
      <Filter>Header Files\Model</Filter>
    </ClInclude>
    <ClInclude Include="SceneObject.h">
      <Filter>Header Files\Model</Filter>
    </ClInclude>
    <ClInclude Include="GUI.h">
      <Filter>Header Files\View</Filter>
    </ClInclude>
    <ClInclude Include="Callbacks.h">
      <Filter>Header Files\Controler</Filter>
    </ClInclude>
    <ClInclude Include="Camera.h">
      <Filter>Header Files\Model</Filter>
    </ClInclude>
    <ClInclude Include="AssetFolderPathManager.h">
      <Filter>Header Files\Controler</Filter>
    </ClInclude>
    <ClInclude Include="ControlAction.h">
      <Filter>Header Files\Controler</Filter>
    </ClInclude>
    <ClInclude Include="ControlActionManager.h">
      <Filter>Header Files\Controler</Filter>
    </ClInclude>
    <ClInclude Include="DualNumber.h">
      <Filter>Header Files\Math</Filter>
    </ClInclude>
    <ClInclude Include="GlobalInclude.h">
      <Filter>Header Files\Global</Filter>
    </ClInclude>
    <ClInclude Include="MathUtil.h">
      <Filter>Header Files\Math</Filter>
    </ClInclude>
    <ClInclude Include="Mesh.h">
      <Filter>Header Files\Model</Filter>
    </ClInclude>
    <ClInclude Include="Plane.h">
      <Filter>Header Files\Model</Filter>
    </ClInclude>
    <ClInclude Include="ShaderProgram.h">
      <Filter>Header Files\OpenGLObjects</Filter>
    </ClInclude>
    <ClInclude Include="Geometry.h">
      <Filter>Header Files\Model</Filter>
    </ClInclude>
    <ClInclude Include="Material.h">
      <Filter>Header Files\Model</Filter>
    </ClInclude>
    <ClInclude Include="Texture.h">
      <Filter>Header Files\OpenGLObjects</Filter>
    </ClInclude>
    <ClInclude Include="PostProcessStage.h">
      <Filter>Header Files\Model</Filter>
    </ClInclude>
    <ClInclude Include="AudioSource.h">
      <Filter>Header Files\OpenALObjects</Filter>
    </ClInclude>
    <ClInclude Include="AudioListener.h">
      <Filter>Header Files\OpenALObjects</Filter>
    </ClInclude>
    <ClInclude Include="Component.h">
      <Filter>Header Files\Model</Filter>
    </ClInclude>
    <ClInclude Include="Physics.h">
      <Filter>Header Files\Model</Filter>
    </ClInclude>
    <ClInclude Include="Ray.h">
      <Filter>Header Files\Model</Filter>
    </ClInclude>
    <ClInclude Include="AABBCollider.h">
      <Filter>Header Files\Model\Collision</Filter>
    </ClInclude>
    <ClInclude Include="Collider.h">
      <Filter>Header Files\Model\Collision</Filter>
    </ClInclude>
    <ClInclude Include="SphericalCollider.h">
      <Filter>Header Files\Model\Collision</Filter>
    </ClInclude>
    <ClInclude Include="CuboidCollider.h">
      <Filter>Header Files\Model\Collision</Filter>
    </ClInclude>
    <ClInclude Include="ForceField.h">
      <Filter>Header Files\Model</Filter>
    </ClInclude>
    <ClInclude Include="CollisionEventListener.h">
      <Filter>Header Files\Controler</Filter>
    </ClInclude>
    <ClInclude Include="MemoryManager.h">
      <Filter>Header Files\Controler</Filter>
    </ClInclude>
    <ClInclude Include="SceneEventManager.h">
      <Filter>Header Files\Controler</Filter>
    </ClInclude>
    <ClInclude Include="SceneEventImplementation.h">
      <Filter>Header Files\Controler</Filter>
    </ClInclude>
    <ClInclude Include="SceneEvent.h">
      <Filter>Header Files\Controler</Filter>
    </ClInclude>
    <ClInclude Include="CompositeCollider.h">
      <Filter>Header Files\Model\Collision</Filter>
    </ClInclude>
    <ClInclude Include="PositionProvider.h">
      <Filter>Header Files\Model</Filter>
    </ClInclude>
    <ClInclude Include="UniformBuffer.h">
      <Filter>Header Files\OpenGLObjects</Filter>
    </ClInclude>
    <ClInclude Include="InstanceGroup.h">
      <Filter>Header Files\Model</Filter>
    </ClInclude>
    <ClInclude Include="CollisionManager.h">
      <Filter>Header Files\Model\Collision</Filter>
    </ClInclude>
    <ClInclude Include="ColliderGroup.h">
      <Filter>Header Files\Model\Collision</Filter>
    </ClInclude>
    <ClInclude Include="GeometryLoader.h">
      <Filter>Header Files\Model</Filter>
    </ClInclude>
    <ClInclude Include="ScaleProvider.h">
      <Filter>Header Files\Model</Filter>
    </ClInclude>
    <ClInclude Include="OrientationProvider.h">
      <Filter>Header Files\Model</Filter>
    </ClInclude>
    <ClInclude Include="GeometryFactory.h">
      <Filter>Header Files\Model\Factories</Filter>
    </ClInclude>
    <ClInclude Include="MaterialFactory.h">
      <Filter>Header Files\Model\Factories</Filter>
    </ClInclude>
    <ClInclude Include="ShaderProgramFactory.h">
      <Filter>Header Files\Model\Factories</Filter>
    </ClInclude>
    <ClInclude Include="UserControl.h">
      <Filter>Header Files\Model\UserControls</Filter>
    </ClInclude>
    <ClInclude Include="FirstPersonControl.h">
      <Filter>Header Files\Model\UserControls</Filter>
    </ClInclude>
    <ClInclude Include="PointLight.h">
      <Filter>Header Files\Model\Lighting</Filter>
    </ClInclude>
    <ClInclude Include="LightManager.h">
      <Filter>Header Files\Model\Lighting</Filter>
    </ClInclude>
    <ClInclude Include="DeferredLightingSystem.h">
      <Filter>Header Files\Model\Lighting</Filter>
    </ClInclude>
    <ClInclude Include="DirectionalShadowCaster.h">
      <Filter>Header Files\Model\Lighting</Filter>
    </ClInclude>
    <ClInclude Include="Animation.h">
      <Filter>Header Files\Model\Animations</Filter>
    </ClInclude>
    <ClInclude Include="CameraAnimation.h">
      <Filter>Header Files\Model\Animations</Filter>
    </ClInclude>
    <ClInclude Include="HoGraEngineApplication.h">
      <Filter>Header Files</Filter>
    </ClInclude>
    <ClInclude Include="Font.h">
      <Filter>Header Files\View\Text</Filter>
    </ClInclude>
    <ClInclude Include="Caption.h">
      <Filter>Header Files\View\Text</Filter>
    </ClInclude>
    <ClInclude Include="resource.h">
      <Filter>Header Files</Filter>
    </ClInclude>
    <ClInclude Include="Bloom.h">
      <Filter>Header Files\Model\Lighting</Filter>
    </ClInclude>
    <ClInclude Include="SceneFactory.h">
      <Filter>Header Files\Model\Factories</Filter>
    </ClInclude>
    <ClInclude Include="SceneChange.h">
      <Filter>Header Files\Model</Filter>
    </ClInclude>
    <ClInclude Include="SceneManager.h">
      <Filter>Header Files\Model</Filter>
    </ClInclude>
    <ClInclude Include="AudioBuffer.h">
      <Filter>Header Files\OpenALObjects</Filter>
    </ClInclude>
    <ClInclude Include="AudioDevice.h">
      <Filter>Header Files\OpenALObjects</Filter>
    </ClInclude>
    <ClInclude Include="AudioUtils.h">
      <Filter>Header Files\OpenALObjects</Filter>
    </ClInclude>
    <ClInclude Include="AudioContext.h">
      <Filter>Header Files\OpenALObjects</Filter>
    </ClInclude>
    <ClInclude Include="SceneAudioSource.h">
      <Filter>Header Files</Filter>
    </ClInclude>
    <ClInclude Include="AudioManager.h">
      <Filter>Header Files\Model</Filter>
    </ClInclude>
    <ClInclude Include="UniformVariable.h">
      <Filter>Header Files</Filter>
    </ClInclude>
    <ClInclude Include="ObserveObjectControl.h">
      <Filter>Header Files\Model\UserControls</Filter>
    </ClInclude>
    <ClInclude Include="SceneObjectFactory.h">
      <Filter>Header Files\Model\Factories</Filter>
    </ClInclude>
    <ClInclude Include="OrientationConnector.h">
      <Filter>Header Files\Model</Filter>
    </ClInclude>
    <ClInclude Include="PositionConnector.h">
      <Filter>Header Files\Model</Filter>
    </ClInclude>
    <ClInclude Include="ScriptObject.h">
      <Filter>Header Files</Filter>
    </ClInclude>
    <ClInclude Include="HograTime.h">
      <Filter>Header Files</Filter>
    </ClInclude>
    <ClInclude Include="RenderLayer.h">
      <Filter>Header Files</Filter>
    </ClInclude>
    <ClInclude Include="Renderer.h">
      <Filter>Header Files</Filter>
    </ClInclude>
    <ClInclude Include="volumetric\BoundingGeometry.h">
      <Filter>Header Files\volumetric</Filter>
    </ClInclude>
    <ClInclude Include="volumetric\TransferFunction.h">
      <Filter>Header Files\volumetric</Filter>
    </ClInclude>
    <ClInclude Include="volumetric\VolumeObject.h">
      <Filter>Header Files\volumetric</Filter>
    </ClInclude>
    <ClInclude Include="UniformVariableImpl.h">
      <Filter>Header Files</Filter>
    </ClInclude>
    <ClInclude Include="fallingSand\chunk.h">
      <Filter>Header Files\fallingSand</Filter>
    </ClInclude>
    <ClInclude Include="fallingSand\gas.h">
      <Filter>Header Files\fallingSand</Filter>
    </ClInclude>
    <ClInclude Include="fallingSand\liquid.h">
      <Filter>Header Files\fallingSand</Filter>
    </ClInclude>
    <ClInclude Include="fallingSand\particle.h">
      <Filter>Header Files\fallingSand</Filter>
    </ClInclude>
    <ClInclude Include="fallingSand\sand.h">
      <Filter>Header Files\fallingSand</Filter>
    </ClInclude>
    <ClInclude Include="fallingSand\solid.h">
      <Filter>Header Files\fallingSand</Filter>
    </ClInclude>
    <ClInclude Include="fallingSand\stone.h">
      <Filter>Header Files\fallingSand</Filter>
    </ClInclude>
    <ClInclude Include="fallingSand\water.h">
      <Filter>Header Files\fallingSand</Filter>
    </ClInclude>
    <ClInclude Include="fallingSand\smoke.h">
      <Filter>Header Files\fallingSand</Filter>
    </ClInclude>
    <ClInclude Include="fallingSand\lava.h">
      <Filter>Header Files\fallingSand</Filter>
    </ClInclude>
    <ClInclude Include="fallingSand\steam.h">
      <Filter>Header Files\fallingSand</Filter>
    </ClInclude>
    <ClInclude Include="fallingSand\ice.h">
      <Filter>Header Files\fallingSand</Filter>
    </ClInclude>
    <ClInclude Include="jsonParseUtils.h">
      <Filter>Header Files</Filter>
    </ClInclude>
    <ClInclude Include="Identifiable.h">
      <Filter>Header Files</Filter>
    </ClInclude>
    <ClInclude Include="DebugUtils.h">
      <Filter>Header Files</Filter>
    </ClInclude>
    <ClInclude Include="ScriptProvider.h">
      <Filter>Header Files</Filter>
    </ClInclude>
    <ClInclude Include="ShadowCaster.h">
      <Filter>Header Files\Model\Lighting</Filter>
    </ClInclude>
    <ClInclude Include="OmniDirectionalShadowCaster.h">
      <Filter>Header Files\Model\Lighting</Filter>
    </ClInclude>
    <ClInclude Include="DirectionalLight.h">
      <Filter>Header Files\Model\Lighting</Filter>
    </ClInclude>
  </ItemGroup>
  <ItemGroup>
    <None Include="imgui.ini" />
    <None Include="..\Resources\Shaders\volumeBoundingGeometry.frag">
      <Filter>Resource Files\Shaders</Filter>
    </None>
    <None Include="..\Resources\Shaders\volumeBoundingGeometry.vert">
      <Filter>Resource Files\Shaders</Filter>
    </None>
    <None Include="..\Resources\Shaders\deferredMappedGeometryPass.frag">
      <Filter>Resource Files\Shaders</Filter>
    </None>
    <None Include="..\Resources\Shaders\instanced3DWithTBN.vert">
      <Filter>Resource Files\Shaders</Filter>
    </None>
    <None Include="..\Resources\Shaders\boundingGeometryFlatColor.frag">
      <Filter>Resource Files\Shaders</Filter>
    </None>
    <None Include="..\Resources\Shaders\light.frag">
      <Filter>Resource Files\Shaders</Filter>
    </None>
    <None Include="..\Resources\Shaders\light.vert">
      <Filter>Resource Files\Shaders</Filter>
    </None>
    <None Include="..\Resources\Shaders\postprocess.frag">
      <Filter>Resource Files\Shaders</Filter>
    </None>
    <None Include="..\Resources\Shaders\proxyGeometryLightCamera.vert">
      <Filter>Resource Files\Shaders</Filter>
    </None>
    <None Include="..\Resources\Shaders\proxyGeometryViewCamera.vert">
      <Filter>Resource Files\Shaders</Filter>
    </None>
    <None Include="..\Resources\Shaders\forwardSkybox.frag">
      <Filter>Resource Files\Shaders</Filter>
    </None>
    <None Include="..\Resources\Shaders\transfer.frag">
      <Filter>Resource Files\Shaders</Filter>
    </None>
    <None Include="..\Resources\Shaders\transfer.vert">
      <Filter>Resource Files\Shaders</Filter>
    </None>
    <None Include="..\Resources\Shaders\voxelColor.frag">
      <Filter>Resource Files\Shaders</Filter>
    </None>
    <None Include="..\Resources\Shaders\edgeDetect.frag">
      <Filter>Resource Files\Shaders</Filter>
    </None>
    <None Include="..\Resources\Shaders\shadowCast.frag">
      <Filter>Resource Files\Shaders</Filter>
    </None>
    <None Include="..\Resources\Shaders\shadowCast.vert">
      <Filter>Resource Files\Shaders</Filter>
    </None>
    <None Include="..\Resources\Shaders\hdr.frag">
      <Filter>Resource Files\Shaders</Filter>
    </None>
    <None Include="ClassDiagram.cd" />
    <None Include="..\Resources\Shaders\displayNormals.geom">
      <Filter>Resource Files\Shaders</Filter>
    </None>
    <None Include="..\Resources\Shaders\deferredPBRDirectionalLightingPass.frag">
      <Filter>Resource Files\Shaders</Filter>
    </None>
    <None Include="..\Resources\Shaders\debug.frag">
      <Filter>Resource Files\Shaders</Filter>
    </None>
    <None Include="..\Resources\Shaders\debug.vert">
      <Filter>Resource Files\Shaders</Filter>
    </None>
    <None Include="..\Resources\Shaders\glyph.frag">
      <Filter>Resource Files\Shaders</Filter>
    </None>
    <None Include="..\Resources\Shaders\single2D.vert">
      <Filter>Resource Files\Shaders</Filter>
    </None>
    <None Include="..\Resources\Shaders\caption.frag">
      <Filter>Resource Files\Shaders</Filter>
    </None>
    <None Include="..\Resources\Shaders\roughnessMetallicAOCombination.frag">
      <Filter>Resource Files\Shaders</Filter>
    </None>
    <None Include="..\Resources\Shaders\gausianBlur.frag">
      <Filter>Resource Files\Shaders</Filter>
    </None>
    <None Include="..\Resources\Shaders\deferredEmissiveGeometryPass.frag">
      <Filter>Resource Files\Shaders</Filter>
    </None>
    <None Include="..\Resources\Shaders\bloomDownSampling.frag">
      <Filter>Resource Files\Shaders</Filter>
    </None>
    <None Include="..\Resources\Shaders\bloomUpSampling.frag">
      <Filter>Resource Files\Shaders</Filter>
    </None>
    <None Include="..\Resources\Shaders\bloomPrefilter.frag">
      <Filter>Resource Files\Shaders</Filter>
    </None>
    <None Include="..\Resources\Shaders\bloomRecombine.frag">
      <Filter>Resource Files\Shaders</Filter>
    </None>
    <None Include="..\Resources\Shaders\lightVolume.vert">
      <Filter>Resource Files\Shaders</Filter>
    </None>
    <None Include="..\Resources\Shaders\deferredPBRLightVolumePass.frag">
      <Filter>Resource Files\Shaders</Filter>
    </None>
    <None Include="..\Resources\Shaders\depthEffects.frag">
      <Filter>Resource Files\Shaders</Filter>
    </None>
    <None Include="..\Resources\Shaders\tapeEffect.frag">
      <Filter>Resource Files\Shaders</Filter>
    </None>
    <None Include="..\Resources\Shaders\bypass.frag">
      <Filter>Resource Files\Shaders</Filter>
    </None>
    <None Include="..\Resources\Shaders\voxelAttenuation.frag">
      <Filter>Resource Files\Shaders</Filter>
    </None>
    <None Include="..\Resources\Shaders\deferredSprite.frag">
      <Filter>Resource Files\Shaders</Filter>
    </None>
    <None Include="..\Resources\Shaders\voxelAttenuationCheap.frag">
      <Filter>Resource Files\Shaders</Filter>
    </None>
    <None Include="..\Resources\Shaders\voxelColorCheap.frag">
      <Filter>Resource Files\Shaders</Filter>
    </None>
    <None Include="..\Resources\Shaders\forwardSprite.frag">
      <Filter>Resource Files\Shaders</Filter>
    </None>
    <None Include="..\Resources\Shaders\single3DWithTBN.vert">
      <Filter>Resource Files\Shaders</Filter>
    </None>
    <None Include="..\Resources\Shaders\voxelRayCast.frag">
      <Filter>Resource Files\Shaders</Filter>
    </None>
    <None Include="..\Resources\Shaders\screenQuadrant.vert">
      <Filter>Resource Files\Shaders</Filter>
    </None>
    <None Include="..\Resources\Shaders\voxelRayCastCheap.frag">
      <Filter>Resource Files\Shaders</Filter>
    </None>
    <None Include="..\Resources\Shaders\pixelPhysics.frag">
      <Filter>Resource Files\Shaders</Filter>
    </None>
    <None Include="..\Resources\Shaders\pixelPhysics2.frag">
      <Filter>Resource Files\Shaders</Filter>
    </None>
    <None Include="..\Resources\Shaders\fullScreenQuad.vert">
      <Filter>Resource Files\Shaders</Filter>
    </None>
    <None Include="..\Resources\Shaders\fullScreenQuadWithRayDir.vert">
      <Filter>Resource Files\Shaders</Filter>
    </None>
    <None Include="..\Resources\Shaders\instanced2D.vert">
      <Filter>Resource Files\Shaders</Filter>
    </None>
    <None Include="..\Resources\Shaders\instanced3D.vert">
      <Filter>Resource Files\Shaders</Filter>
    </None>
    <None Include="..\Resources\Shaders\single3D.vert">
      <Filter>Resource Files\Shaders</Filter>
    </None>
    <None Include="..\Resources\Shaders\deferredHomogeneGeometryPass.frag">
      <Filter>Resource Files\Shaders</Filter>
    </None>
    <None Include="..\Resources\Scenes\demoScene00.json">
      <Filter>Resource Files\Scenes</Filter>
    </None>
    <None Include="..\Resources\Scenes\demoScene01.json">
      <Filter>Resource Files\Scenes</Filter>
    </None>
    <None Include="..\Resources\Scenes\sceneIdToFilenameMapping.json">
      <Filter>Resource Files\Scenes</Filter>
    </None>
    <None Include="..\Resources\Shaders\deferredDarkPass.frag">
      <Filter>Resource Files\Shaders</Filter>
    </None>
    <None Include="..\Resources\Shaders\omniDirShadowCast.frag">
      <Filter>Resource Files\Shaders</Filter>
    </None>
    <None Include="..\Resources\Shaders\omniDirShadowCast.geom">
      <Filter>Resource Files\Shaders</Filter>
    </None>
    <None Include="..\Resources\Shaders\omniDirShadowCast.vert">
      <Filter>Resource Files\Shaders</Filter>
    </None>
    <None Include="..\Resources\Scenes\magicMirrorScene.json">
      <Filter>Resource Files\Scenes</Filter>
    </None>
    <None Include="..\Resources\Shaders\magicMirror.frag">
      <Filter>Resource Files\Shaders</Filter>
    </None>
  </ItemGroup>
  <ItemGroup>
    <ResourceCompile Include="HomebrewGraphicsEngine.rc">
      <Filter>Resource Files</Filter>
    </ResourceCompile>
  </ItemGroup>
</Project>